
Microsoft Visual Studio Solution File, Format Version 12.00
# Visual Studio Version 17
VisualStudioVersion = 17.9.34714.143
MinimumVisualStudioVersion = 10.0.40219.1
Project("{9A19103F-16F7-4668-BE54-9A1E7A4F7556}") = "TravelMate.Core", "TravelMate.Core\TravelMate.Core.csproj", "{66640C4F-F721-4534-B215-C9BAF1FEE04D}"
EndProject
Project("{9A19103F-16F7-4668-BE54-9A1E7A4F7556}") = "TravelMate.Data", "TravelMate.Data\TravelMate.Data.csproj", "{BA91EC60-05D9-40F3-B088-F5ABFC48ED0A}"
EndProject
Project("{9A19103F-16F7-4668-BE54-9A1E7A4F7556}") = "TravelMate.Service", "TravelMate.Service\TravelMate.Service.csproj", "{B0BC1A66-26E3-43F6-80BC-6A4BE5D922F6}"
EndProject
Project("{FAE04EC0-301F-11D3-BF4B-00C04F79EFBC}") = "TravelMate.API", "TravelMate.API\TravelMate.API.csproj", "{FC5CD292-043C-4190-BDD8-B01DB9C0EE1B}"
EndProject
Project("{8BC9CEB8-8B4A-11D0-8D11-00A0C91BC942}") = "TravelMate.Interop", "TravelMate.Interop\TravelMate.Interop.vcxproj", "{BFB9DD4B-9FAD-48B4-933C-F4CCC84356FA}"
EndProject
Project("{8BC9CEB8-8B4A-11D0-8D11-00A0C91BC942}") = "TravelMate.NativeDll", "TravelMate.NativeDll\TravelMate.NativeDll.vcxproj", "{38C2471F-1371-4B74-93EF-AD40037C349C}"
EndProject
Global
	GlobalSection(SolutionConfigurationPlatforms) = preSolution
		Debug|Any CPU = Debug|Any CPU
		Debug|x64 = Debug|x64
		Debug|x86 = Debug|x86
		Release|Any CPU = Release|Any CPU
		Release|x64 = Release|x64
		Release|x86 = Release|x86
	EndGlobalSection
	GlobalSection(ProjectConfigurationPlatforms) = postSolution
		{66640C4F-F721-4534-B215-C9BAF1FEE04D}.Debug|Any CPU.ActiveCfg = Debug|Any CPU
		{66640C4F-F721-4534-B215-C9BAF1FEE04D}.Debug|Any CPU.Build.0 = Debug|Any CPU
		{66640C4F-F721-4534-B215-C9BAF1FEE04D}.Debug|x64.ActiveCfg = Debug|Any CPU
		{66640C4F-F721-4534-B215-C9BAF1FEE04D}.Debug|x64.Build.0 = Debug|Any CPU
		{66640C4F-F721-4534-B215-C9BAF1FEE04D}.Debug|x86.ActiveCfg = Debug|Any CPU
		{66640C4F-F721-4534-B215-C9BAF1FEE04D}.Debug|x86.Build.0 = Debug|Any CPU
		{66640C4F-F721-4534-B215-C9BAF1FEE04D}.Release|Any CPU.ActiveCfg = Release|Any CPU
		{66640C4F-F721-4534-B215-C9BAF1FEE04D}.Release|Any CPU.Build.0 = Release|Any CPU
		{66640C4F-F721-4534-B215-C9BAF1FEE04D}.Release|x64.ActiveCfg = Release|Any CPU
		{66640C4F-F721-4534-B215-C9BAF1FEE04D}.Release|x64.Build.0 = Release|Any CPU
		{66640C4F-F721-4534-B215-C9BAF1FEE04D}.Release|x86.ActiveCfg = Release|Any CPU
		{66640C4F-F721-4534-B215-C9BAF1FEE04D}.Release|x86.Build.0 = Release|Any CPU
		{BA91EC60-05D9-40F3-B088-F5ABFC48ED0A}.Debug|Any CPU.ActiveCfg = Debug|Any CPU
		{BA91EC60-05D9-40F3-B088-F5ABFC48ED0A}.Debug|Any CPU.Build.0 = Debug|Any CPU
		{BA91EC60-05D9-40F3-B088-F5ABFC48ED0A}.Debug|x64.ActiveCfg = Debug|Any CPU
		{BA91EC60-05D9-40F3-B088-F5ABFC48ED0A}.Debug|x64.Build.0 = Debug|Any CPU
		{BA91EC60-05D9-40F3-B088-F5ABFC48ED0A}.Debug|x86.ActiveCfg = Debug|Any CPU
		{BA91EC60-05D9-40F3-B088-F5ABFC48ED0A}.Debug|x86.Build.0 = Debug|Any CPU
		{BA91EC60-05D9-40F3-B088-F5ABFC48ED0A}.Release|Any CPU.ActiveCfg = Release|Any CPU
		{BA91EC60-05D9-40F3-B088-F5ABFC48ED0A}.Release|Any CPU.Build.0 = Release|Any CPU
		{BA91EC60-05D9-40F3-B088-F5ABFC48ED0A}.Release|x64.ActiveCfg = Release|Any CPU
		{BA91EC60-05D9-40F3-B088-F5ABFC48ED0A}.Release|x64.Build.0 = Release|Any CPU
		{BA91EC60-05D9-40F3-B088-F5ABFC48ED0A}.Release|x86.ActiveCfg = Release|Any CPU
		{BA91EC60-05D9-40F3-B088-F5ABFC48ED0A}.Release|x86.Build.0 = Release|Any CPU
		{B0BC1A66-26E3-43F6-80BC-6A4BE5D922F6}.Debug|Any CPU.ActiveCfg = Debug|Any CPU
		{B0BC1A66-26E3-43F6-80BC-6A4BE5D922F6}.Debug|Any CPU.Build.0 = Debug|Any CPU
		{B0BC1A66-26E3-43F6-80BC-6A4BE5D922F6}.Debug|x64.ActiveCfg = Debug|Any CPU
		{B0BC1A66-26E3-43F6-80BC-6A4BE5D922F6}.Debug|x64.Build.0 = Debug|Any CPU
		{B0BC1A66-26E3-43F6-80BC-6A4BE5D922F6}.Debug|x86.ActiveCfg = Debug|Any CPU
		{B0BC1A66-26E3-43F6-80BC-6A4BE5D922F6}.Debug|x86.Build.0 = Debug|Any CPU
		{B0BC1A66-26E3-43F6-80BC-6A4BE5D922F6}.Release|Any CPU.ActiveCfg = Release|Any CPU
		{B0BC1A66-26E3-43F6-80BC-6A4BE5D922F6}.Release|Any CPU.Build.0 = Release|Any CPU
		{B0BC1A66-26E3-43F6-80BC-6A4BE5D922F6}.Release|x64.ActiveCfg = Release|Any CPU
		{B0BC1A66-26E3-43F6-80BC-6A4BE5D922F6}.Release|x64.Build.0 = Release|Any CPU
		{B0BC1A66-26E3-43F6-80BC-6A4BE5D922F6}.Release|x86.ActiveCfg = Release|Any CPU
		{B0BC1A66-26E3-43F6-80BC-6A4BE5D922F6}.Release|x86.Build.0 = Release|Any CPU
		{FC5CD292-043C-4190-BDD8-B01DB9C0EE1B}.Debug|Any CPU.ActiveCfg = Debug|Any CPU
		{FC5CD292-043C-4190-BDD8-B01DB9C0EE1B}.Debug|Any CPU.Build.0 = Debug|Any CPU
		{FC5CD292-043C-4190-BDD8-B01DB9C0EE1B}.Debug|x64.ActiveCfg = Debug|Any CPU
		{FC5CD292-043C-4190-BDD8-B01DB9C0EE1B}.Debug|x64.Build.0 = Debug|Any CPU
		{FC5CD292-043C-4190-BDD8-B01DB9C0EE1B}.Debug|x86.ActiveCfg = Debug|Any CPU
		{FC5CD292-043C-4190-BDD8-B01DB9C0EE1B}.Debug|x86.Build.0 = Debug|Any CPU
		{FC5CD292-043C-4190-BDD8-B01DB9C0EE1B}.Release|Any CPU.ActiveCfg = Release|Any CPU
		{FC5CD292-043C-4190-BDD8-B01DB9C0EE1B}.Release|Any CPU.Build.0 = Release|Any CPU
		{FC5CD292-043C-4190-BDD8-B01DB9C0EE1B}.Release|x64.ActiveCfg = Release|Any CPU
		{FC5CD292-043C-4190-BDD8-B01DB9C0EE1B}.Release|x64.Build.0 = Release|Any CPU
		{FC5CD292-043C-4190-BDD8-B01DB9C0EE1B}.Release|x86.ActiveCfg = Release|Any CPU
		{FC5CD292-043C-4190-BDD8-B01DB9C0EE1B}.Release|x86.Build.0 = Release|Any CPU
		{BFB9DD4B-9FAD-48B4-933C-F4CCC84356FA}.Debug|Any CPU.ActiveCfg = Debug|x64
		{BFB9DD4B-9FAD-48B4-933C-F4CCC84356FA}.Debug|Any CPU.Build.0 = Debug|x64
		{BFB9DD4B-9FAD-48B4-933C-F4CCC84356FA}.Debug|x64.ActiveCfg = Debug|x64
		{BFB9DD4B-9FAD-48B4-933C-F4CCC84356FA}.Debug|x64.Build.0 = Debug|x64
		{BFB9DD4B-9FAD-48B4-933C-F4CCC84356FA}.Debug|x86.ActiveCfg = Debug|Win32
		{BFB9DD4B-9FAD-48B4-933C-F4CCC84356FA}.Debug|x86.Build.0 = Debug|Win32
		{BFB9DD4B-9FAD-48B4-933C-F4CCC84356FA}.Release|Any CPU.ActiveCfg = Release|x64
		{BFB9DD4B-9FAD-48B4-933C-F4CCC84356FA}.Release|Any CPU.Build.0 = Release|x64
		{BFB9DD4B-9FAD-48B4-933C-F4CCC84356FA}.Release|x64.ActiveCfg = Release|x64
		{BFB9DD4B-9FAD-48B4-933C-F4CCC84356FA}.Release|x64.Build.0 = Release|x64
		{BFB9DD4B-9FAD-48B4-933C-F4CCC84356FA}.Release|x86.ActiveCfg = Release|Win32
		{BFB9DD4B-9FAD-48B4-933C-F4CCC84356FA}.Release|x86.Build.0 = Release|Win32
		{38C2471F-1371-4B74-93EF-AD40037C349C}.Debug|Any CPU.ActiveCfg = Debug|x64
		{38C2471F-1371-4B74-93EF-AD40037C349C}.Debug|Any CPU.Build.0 = Debug|x64
		{38C2471F-1371-4B74-93EF-AD40037C349C}.Debug|x64.ActiveCfg = Debug|x64
		{38C2471F-1371-4B74-93EF-AD40037C349C}.Debug|x64.Build.0 = Debug|x64
		{38C2471F-1371-4B74-93EF-AD40037C349C}.Debug|x86.ActiveCfg = Debug|Win32
		{38C2471F-1371-4B74-93EF-AD40037C349C}.Debug|x86.Build.0 = Debug|Win32
		{38C2471F-1371-4B74-93EF-AD40037C349C}.Release|Any CPU.ActiveCfg = Release|x64
		{38C2471F-1371-4B74-93EF-AD40037C349C}.Release|Any CPU.Build.0 = Release|x64
		{38C2471F-1371-4B74-93EF-AD40037C349C}.Release|x64.ActiveCfg = Release|x64
		{38C2471F-1371-4B74-93EF-AD40037C349C}.Release|x64.Build.0 = Release|x64
		{38C2471F-1371-4B74-93EF-AD40037C349C}.Release|x86.ActiveCfg = Release|Win32
		{38C2471F-1371-4B74-93EF-AD40037C349C}.Release|x86.Build.0 = Release|Win32
	EndGlobalSection
	GlobalSection(SolutionProperties) = preSolution
		HideSolutionNode = FALSE
	EndGlobalSection
	GlobalSection(ExtensibilityGlobals) = postSolution
		SolutionGuid = {576C419A-D389-42F5-99F1-A9B2BF549688}
	EndGlobalSection
EndGlobal
